
Microsoft Visual Studio Solution File, Format Version 12.00
# Visual Studio Version 16
VisualStudioVersion = 16.0.30114.105
MinimumVisualStudioVersion = 10.0.40219.1
Project("{FAE04EC0-301F-11D3-BF4B-00C04F79EFBC}") = "Задание1", "Задание1\Задание1.csproj", "{C913211E-1D24-4FB3-9D32-F85272DB4814}"
EndProject
Project("{FAE04EC0-301F-11D3-BF4B-00C04F79EFBC}") = "Задание2", "Задание2\Задание2.csproj", "{8CF11581-F86C-449B-A8D9-39D954EBDEAD}"
EndProject
Project("{FAE04EC0-301F-11D3-BF4B-00C04F79EFBC}") = "Задание3", "Задание3\Задание3.csproj", "{E5897138-BD42-4DD7-B152-581084EB5034}"
EndProject
Global
	GlobalSection(SolutionConfigurationPlatforms) = preSolution
		Debug|Any CPU = Debug|Any CPU
		Release|Any CPU = Release|Any CPU
	EndGlobalSection
	GlobalSection(ProjectConfigurationPlatforms) = postSolution
		{C913211E-1D24-4FB3-9D32-F85272DB4814}.Debug|Any CPU.ActiveCfg = Debug|Any CPU
		{C913211E-1D24-4FB3-9D32-F85272DB4814}.Debug|Any CPU.Build.0 = Debug|Any CPU
		{C913211E-1D24-4FB3-9D32-F85272DB4814}.Release|Any CPU.ActiveCfg = Release|Any CPU
		{C913211E-1D24-4FB3-9D32-F85272DB4814}.Release|Any CPU.Build.0 = Release|Any CPU
		{8CF11581-F86C-449B-A8D9-39D954EBDEAD}.Debug|Any CPU.ActiveCfg = Debug|Any CPU
		{8CF11581-F86C-449B-A8D9-39D954EBDEAD}.Debug|Any CPU.Build.0 = Debug|Any CPU
		{8CF11581-F86C-449B-A8D9-39D954EBDEAD}.Release|Any CPU.ActiveCfg = Release|Any CPU
		{8CF11581-F86C-449B-A8D9-39D954EBDEAD}.Release|Any CPU.Build.0 = Release|Any CPU
		{E5897138-BD42-4DD7-B152-581084EB5034}.Debug|Any CPU.ActiveCfg = Debug|Any CPU
		{E5897138-BD42-4DD7-B152-581084EB5034}.Debug|Any CPU.Build.0 = Debug|Any CPU
		{E5897138-BD42-4DD7-B152-581084EB5034}.Release|Any CPU.ActiveCfg = Release|Any CPU
		{E5897138-BD42-4DD7-B152-581084EB5034}.Release|Any CPU.Build.0 = Release|Any CPU
	EndGlobalSection
	GlobalSection(SolutionProperties) = preSolution
		HideSolutionNode = FALSE
	EndGlobalSection
	GlobalSection(ExtensibilityGlobals) = postSolution
		SolutionGuid = {7197E30A-DB1F-49D1-A73A-552A21C9D79A}
	EndGlobalSection
EndGlobal
